
Microsoft Visual Studio Solution File, Format Version 12.00
# Visual Studio 2013
VisualStudioVersion = 12.0.31101.0
MinimumVisualStudioVersion = 10.0.40219.1
Project("{FAE04EC0-301F-11D3-BF4B-00C04F79EFBC}") = "DriverApp", "DriverApp\DriverApp\DriverApp.csproj", "{37BAC139-180F-4EE4-8391-AA92BD58B017}"
EndProject
Project("{FAE04EC0-301F-11D3-BF4B-00C04F79EFBC}") = "DriverApp.iOS", "DriverApp\DriverApp.iOS\DriverApp.iOS.csproj", "{F4D63491-3E83-4775-B610-4A694BE7255C}"
EndProject
Project("{FAE04EC0-301F-11D3-BF4B-00C04F79EFBC}") = "DriverApp.Droid", "DriverApp\DriverApp.Droid\DriverApp.Droid.csproj", "{D68BDF5B-1343-49AB-93F9-F91DF79F95CC}"
EndProject
Project("{FAE04EC0-301F-11D3-BF4B-00C04F79EFBC}") = "Geolocator.Plugin", "Components\Android.GeoLocation\Geolocator.Plugin\Geolocator.Plugin.csproj", "{A6FCEF44-D2BA-42C7-B3CB-13667BCD7B54}"
EndProject
Project("{FAE04EC0-301F-11D3-BF4B-00C04F79EFBC}") = "Geolocator.Plugin.Abstractions", "Components\Android.GeoLocation\Geolocator.Plugin.Abstractions\Geolocator.Plugin.Abstractions.csproj", "{6EDB0588-FFC5-4EF5-8A99-9E241D0F878D}"
EndProject
Project("{FAE04EC0-301F-11D3-BF4B-00C04F79EFBC}") = "Geolocator.Plugin.Android", "Components\Android.GeoLocation\Geolocator.Plugin.Android\Geolocator.Plugin.Android.csproj", "{56A56F17-7DE1-4CA1-9617-BF32E971AC84}"
EndProject
Project("{2150E333-8FDC-42A3-9474-1A3956D46DE8}") = "Android.GeoLocation", "Android.GeoLocation", "{6190E14A-730B-4836-8CD2-297C16505AD4}"
EndProject
Global
	GlobalSection(SolutionConfigurationPlatforms) = preSolution
		Ad-Hoc|Any CPU = Ad-Hoc|Any CPU
		Ad-Hoc|ARM = Ad-Hoc|ARM
		Ad-Hoc|iPhone = Ad-Hoc|iPhone
		Ad-Hoc|iPhoneSimulator = Ad-Hoc|iPhoneSimulator
		Ad-Hoc|Mixed Platforms = Ad-Hoc|Mixed Platforms
		Ad-Hoc|x86 = Ad-Hoc|x86
		AppStore|Any CPU = AppStore|Any CPU
		AppStore|ARM = AppStore|ARM
		AppStore|iPhone = AppStore|iPhone
		AppStore|iPhoneSimulator = AppStore|iPhoneSimulator
		AppStore|Mixed Platforms = AppStore|Mixed Platforms
		AppStore|x86 = AppStore|x86
		Debug|Any CPU = Debug|Any CPU
		Debug|ARM = Debug|ARM
		Debug|iPhone = Debug|iPhone
		Debug|iPhoneSimulator = Debug|iPhoneSimulator
		Debug|Mixed Platforms = Debug|Mixed Platforms
		Debug|x86 = Debug|x86
		Release|Any CPU = Release|Any CPU
		Release|ARM = Release|ARM
		Release|iPhone = Release|iPhone
		Release|iPhoneSimulator = Release|iPhoneSimulator
		Release|Mixed Platforms = Release|Mixed Platforms
		Release|x86 = Release|x86
	EndGlobalSection
	GlobalSection(ProjectConfigurationPlatforms) = postSolution
		{37BAC139-180F-4EE4-8391-AA92BD58B017}.Ad-Hoc|Any CPU.ActiveCfg = Release|Any CPU
		{37BAC139-180F-4EE4-8391-AA92BD58B017}.Ad-Hoc|Any CPU.Build.0 = Release|Any CPU
		{37BAC139-180F-4EE4-8391-AA92BD58B017}.Ad-Hoc|ARM.ActiveCfg = Release|Any CPU
		{37BAC139-180F-4EE4-8391-AA92BD58B017}.Ad-Hoc|iPhone.ActiveCfg = Release|Any CPU
		{37BAC139-180F-4EE4-8391-AA92BD58B017}.Ad-Hoc|iPhoneSimulator.ActiveCfg = Release|Any CPU
		{37BAC139-180F-4EE4-8391-AA92BD58B017}.Ad-Hoc|Mixed Platforms.ActiveCfg = Release|Any CPU
		{37BAC139-180F-4EE4-8391-AA92BD58B017}.Ad-Hoc|Mixed Platforms.Build.0 = Release|Any CPU
		{37BAC139-180F-4EE4-8391-AA92BD58B017}.Ad-Hoc|x86.ActiveCfg = Release|Any CPU
		{37BAC139-180F-4EE4-8391-AA92BD58B017}.AppStore|Any CPU.ActiveCfg = Release|Any CPU
		{37BAC139-180F-4EE4-8391-AA92BD58B017}.AppStore|Any CPU.Build.0 = Release|Any CPU
		{37BAC139-180F-4EE4-8391-AA92BD58B017}.AppStore|ARM.ActiveCfg = Release|Any CPU
		{37BAC139-180F-4EE4-8391-AA92BD58B017}.AppStore|iPhone.ActiveCfg = Release|Any CPU
		{37BAC139-180F-4EE4-8391-AA92BD58B017}.AppStore|iPhoneSimulator.ActiveCfg = Release|Any CPU
		{37BAC139-180F-4EE4-8391-AA92BD58B017}.AppStore|Mixed Platforms.ActiveCfg = Release|Any CPU
		{37BAC139-180F-4EE4-8391-AA92BD58B017}.AppStore|Mixed Platforms.Build.0 = Release|Any CPU
		{37BAC139-180F-4EE4-8391-AA92BD58B017}.AppStore|x86.ActiveCfg = Release|Any CPU
		{37BAC139-180F-4EE4-8391-AA92BD58B017}.Debug|Any CPU.ActiveCfg = Debug|Any CPU
		{37BAC139-180F-4EE4-8391-AA92BD58B017}.Debug|Any CPU.Build.0 = Debug|Any CPU
		{37BAC139-180F-4EE4-8391-AA92BD58B017}.Debug|ARM.ActiveCfg = Debug|Any CPU
		{37BAC139-180F-4EE4-8391-AA92BD58B017}.Debug|iPhone.ActiveCfg = Debug|Any CPU
		{37BAC139-180F-4EE4-8391-AA92BD58B017}.Debug|iPhone.Build.0 = Debug|Any CPU
		{37BAC139-180F-4EE4-8391-AA92BD58B017}.Debug|iPhoneSimulator.ActiveCfg = Debug|Any CPU
		{37BAC139-180F-4EE4-8391-AA92BD58B017}.Debug|iPhoneSimulator.Build.0 = Debug|Any CPU
		{37BAC139-180F-4EE4-8391-AA92BD58B017}.Debug|Mixed Platforms.ActiveCfg = Debug|Any CPU
		{37BAC139-180F-4EE4-8391-AA92BD58B017}.Debug|Mixed Platforms.Build.0 = Debug|Any CPU
		{37BAC139-180F-4EE4-8391-AA92BD58B017}.Debug|x86.ActiveCfg = Debug|Any CPU
		{37BAC139-180F-4EE4-8391-AA92BD58B017}.Release|Any CPU.ActiveCfg = Release|Any CPU
		{37BAC139-180F-4EE4-8391-AA92BD58B017}.Release|Any CPU.Build.0 = Release|Any CPU
		{37BAC139-180F-4EE4-8391-AA92BD58B017}.Release|ARM.ActiveCfg = Release|Any CPU
		{37BAC139-180F-4EE4-8391-AA92BD58B017}.Release|iPhone.ActiveCfg = Release|Any CPU
		{37BAC139-180F-4EE4-8391-AA92BD58B017}.Release|iPhoneSimulator.ActiveCfg = Release|Any CPU
		{37BAC139-180F-4EE4-8391-AA92BD58B017}.Release|Mixed Platforms.ActiveCfg = Release|Any CPU
		{37BAC139-180F-4EE4-8391-AA92BD58B017}.Release|Mixed Platforms.Build.0 = Release|Any CPU
		{37BAC139-180F-4EE4-8391-AA92BD58B017}.Release|x86.ActiveCfg = Release|Any CPU
		{F4D63491-3E83-4775-B610-4A694BE7255C}.Ad-Hoc|Any CPU.ActiveCfg = Ad-Hoc|iPhone
		{F4D63491-3E83-4775-B610-4A694BE7255C}.Ad-Hoc|ARM.ActiveCfg = Ad-Hoc|iPhone
		{F4D63491-3E83-4775-B610-4A694BE7255C}.Ad-Hoc|iPhone.ActiveCfg = Ad-Hoc|iPhone
		{F4D63491-3E83-4775-B610-4A694BE7255C}.Ad-Hoc|iPhone.Build.0 = Ad-Hoc|iPhone
		{F4D63491-3E83-4775-B610-4A694BE7255C}.Ad-Hoc|iPhoneSimulator.ActiveCfg = Ad-Hoc|iPhoneSimulator
		{F4D63491-3E83-4775-B610-4A694BE7255C}.Ad-Hoc|iPhoneSimulator.Build.0 = Ad-Hoc|iPhoneSimulator
		{F4D63491-3E83-4775-B610-4A694BE7255C}.Ad-Hoc|Mixed Platforms.ActiveCfg = Ad-Hoc|iPhone
		{F4D63491-3E83-4775-B610-4A694BE7255C}.Ad-Hoc|Mixed Platforms.Build.0 = Ad-Hoc|iPhone
		{F4D63491-3E83-4775-B610-4A694BE7255C}.Ad-Hoc|x86.ActiveCfg = Ad-Hoc|iPhone
		{F4D63491-3E83-4775-B610-4A694BE7255C}.AppStore|Any CPU.ActiveCfg = AppStore|iPhone
		{F4D63491-3E83-4775-B610-4A694BE7255C}.AppStore|ARM.ActiveCfg = AppStore|iPhone
		{F4D63491-3E83-4775-B610-4A694BE7255C}.AppStore|iPhone.ActiveCfg = AppStore|iPhone
		{F4D63491-3E83-4775-B610-4A694BE7255C}.AppStore|iPhone.Build.0 = AppStore|iPhone
		{F4D63491-3E83-4775-B610-4A694BE7255C}.AppStore|iPhoneSimulator.ActiveCfg = AppStore|iPhoneSimulator
		{F4D63491-3E83-4775-B610-4A694BE7255C}.AppStore|iPhoneSimulator.Build.0 = AppStore|iPhoneSimulator
		{F4D63491-3E83-4775-B610-4A694BE7255C}.AppStore|Mixed Platforms.ActiveCfg = AppStore|iPhone
		{F4D63491-3E83-4775-B610-4A694BE7255C}.AppStore|Mixed Platforms.Build.0 = AppStore|iPhone
		{F4D63491-3E83-4775-B610-4A694BE7255C}.AppStore|x86.ActiveCfg = AppStore|iPhone
		{F4D63491-3E83-4775-B610-4A694BE7255C}.Debug|Any CPU.ActiveCfg = Debug|iPhone
		{F4D63491-3E83-4775-B610-4A694BE7255C}.Debug|Any CPU.Build.0 = Debug|iPhone
		{F4D63491-3E83-4775-B610-4A694BE7255C}.Debug|ARM.ActiveCfg = Debug|iPhone
		{F4D63491-3E83-4775-B610-4A694BE7255C}.Debug|iPhone.ActiveCfg = Debug|iPhone
		{F4D63491-3E83-4775-B610-4A694BE7255C}.Debug|iPhone.Build.0 = Debug|iPhone
		{F4D63491-3E83-4775-B610-4A694BE7255C}.Debug|iPhoneSimulator.ActiveCfg = Debug|iPhoneSimulator
		{F4D63491-3E83-4775-B610-4A694BE7255C}.Debug|iPhoneSimulator.Build.0 = Debug|iPhoneSimulator
		{F4D63491-3E83-4775-B610-4A694BE7255C}.Debug|Mixed Platforms.ActiveCfg = Debug|iPhone
		{F4D63491-3E83-4775-B610-4A694BE7255C}.Debug|Mixed Platforms.Build.0 = Debug|iPhone
		{F4D63491-3E83-4775-B610-4A694BE7255C}.Debug|x86.ActiveCfg = Debug|iPhone
		{F4D63491-3E83-4775-B610-4A694BE7255C}.Release|Any CPU.ActiveCfg = Release|iPhone
		{F4D63491-3E83-4775-B610-4A694BE7255C}.Release|ARM.ActiveCfg = Release|iPhone
		{F4D63491-3E83-4775-B610-4A694BE7255C}.Release|iPhone.ActiveCfg = Release|iPhone
		{F4D63491-3E83-4775-B610-4A694BE7255C}.Release|iPhone.Build.0 = Release|iPhone
		{F4D63491-3E83-4775-B610-4A694BE7255C}.Release|iPhoneSimulator.ActiveCfg = Release|iPhoneSimulator
		{F4D63491-3E83-4775-B610-4A694BE7255C}.Release|iPhoneSimulator.Build.0 = Release|iPhoneSimulator
		{F4D63491-3E83-4775-B610-4A694BE7255C}.Release|Mixed Platforms.ActiveCfg = Release|iPhone
		{F4D63491-3E83-4775-B610-4A694BE7255C}.Release|Mixed Platforms.Build.0 = Release|iPhone
		{F4D63491-3E83-4775-B610-4A694BE7255C}.Release|x86.ActiveCfg = Release|iPhone
		{D68BDF5B-1343-49AB-93F9-F91DF79F95CC}.Ad-Hoc|Any CPU.ActiveCfg = Release|Any CPU
		{D68BDF5B-1343-49AB-93F9-F91DF79F95CC}.Ad-Hoc|Any CPU.Build.0 = Release|Any CPU
		{D68BDF5B-1343-49AB-93F9-F91DF79F95CC}.Ad-Hoc|Any CPU.Deploy.0 = Release|Any CPU
		{D68BDF5B-1343-49AB-93F9-F91DF79F95CC}.Ad-Hoc|ARM.ActiveCfg = Release|Any CPU
		{D68BDF5B-1343-49AB-93F9-F91DF79F95CC}.Ad-Hoc|iPhone.ActiveCfg = Release|Any CPU
		{D68BDF5B-1343-49AB-93F9-F91DF79F95CC}.Ad-Hoc|iPhoneSimulator.ActiveCfg = Release|Any CPU
		{D68BDF5B-1343-49AB-93F9-F91DF79F95CC}.Ad-Hoc|Mixed Platforms.ActiveCfg = Release|Any CPU
		{D68BDF5B-1343-49AB-93F9-F91DF79F95CC}.Ad-Hoc|Mixed Platforms.Build.0 = Release|Any CPU
		{D68BDF5B-1343-49AB-93F9-F91DF79F95CC}.Ad-Hoc|Mixed Platforms.Deploy.0 = Release|Any CPU
		{D68BDF5B-1343-49AB-93F9-F91DF79F95CC}.Ad-Hoc|x86.ActiveCfg = Release|Any CPU
		{D68BDF5B-1343-49AB-93F9-F91DF79F95CC}.AppStore|Any CPU.ActiveCfg = Release|Any CPU
		{D68BDF5B-1343-49AB-93F9-F91DF79F95CC}.AppStore|Any CPU.Build.0 = Release|Any CPU
		{D68BDF5B-1343-49AB-93F9-F91DF79F95CC}.AppStore|Any CPU.Deploy.0 = Release|Any CPU
		{D68BDF5B-1343-49AB-93F9-F91DF79F95CC}.AppStore|ARM.ActiveCfg = Release|Any CPU
		{D68BDF5B-1343-49AB-93F9-F91DF79F95CC}.AppStore|iPhone.ActiveCfg = Release|Any CPU
		{D68BDF5B-1343-49AB-93F9-F91DF79F95CC}.AppStore|iPhoneSimulator.ActiveCfg = Release|Any CPU
		{D68BDF5B-1343-49AB-93F9-F91DF79F95CC}.AppStore|Mixed Platforms.ActiveCfg = Release|Any CPU
		{D68BDF5B-1343-49AB-93F9-F91DF79F95CC}.AppStore|Mixed Platforms.Build.0 = Release|Any CPU
		{D68BDF5B-1343-49AB-93F9-F91DF79F95CC}.AppStore|Mixed Platforms.Deploy.0 = Release|Any CPU
		{D68BDF5B-1343-49AB-93F9-F91DF79F95CC}.AppStore|x86.ActiveCfg = Release|Any CPU
		{D68BDF5B-1343-49AB-93F9-F91DF79F95CC}.Debug|Any CPU.ActiveCfg = Debug|Any CPU
		{D68BDF5B-1343-49AB-93F9-F91DF79F95CC}.Debug|Any CPU.Build.0 = Debug|Any CPU
		{D68BDF5B-1343-49AB-93F9-F91DF79F95CC}.Debug|Any CPU.Deploy.0 = Debug|Any CPU
		{D68BDF5B-1343-49AB-93F9-F91DF79F95CC}.Debug|ARM.ActiveCfg = Debug|Any CPU
		{D68BDF5B-1343-49AB-93F9-F91DF79F95CC}.Debug|iPhone.ActiveCfg = Debug|Any CPU
		{D68BDF5B-1343-49AB-93F9-F91DF79F95CC}.Debug|iPhoneSimulator.ActiveCfg = Debug|Any CPU
		{D68BDF5B-1343-49AB-93F9-F91DF79F95CC}.Debug|Mixed Platforms.ActiveCfg = Debug|Any CPU
		{D68BDF5B-1343-49AB-93F9-F91DF79F95CC}.Debug|Mixed Platforms.Build.0 = Debug|Any CPU
		{D68BDF5B-1343-49AB-93F9-F91DF79F95CC}.Debug|Mixed Platforms.Deploy.0 = Debug|Any CPU
		{D68BDF5B-1343-49AB-93F9-F91DF79F95CC}.Debug|x86.ActiveCfg = Debug|Any CPU
		{D68BDF5B-1343-49AB-93F9-F91DF79F95CC}.Release|Any CPU.ActiveCfg = Release|Any CPU
		{D68BDF5B-1343-49AB-93F9-F91DF79F95CC}.Release|Any CPU.Build.0 = Release|Any CPU
		{D68BDF5B-1343-49AB-93F9-F91DF79F95CC}.Release|Any CPU.Deploy.0 = Release|Any CPU
		{D68BDF5B-1343-49AB-93F9-F91DF79F95CC}.Release|ARM.ActiveCfg = Release|Any CPU
		{D68BDF5B-1343-49AB-93F9-F91DF79F95CC}.Release|iPhone.ActiveCfg = Release|Any CPU
		{D68BDF5B-1343-49AB-93F9-F91DF79F95CC}.Release|iPhoneSimulator.ActiveCfg = Release|Any CPU
		{D68BDF5B-1343-49AB-93F9-F91DF79F95CC}.Release|Mixed Platforms.ActiveCfg = Release|Any CPU
		{D68BDF5B-1343-49AB-93F9-F91DF79F95CC}.Release|Mixed Platforms.Build.0 = Release|Any CPU
		{D68BDF5B-1343-49AB-93F9-F91DF79F95CC}.Release|Mixed Platforms.Deploy.0 = Release|Any CPU
		{D68BDF5B-1343-49AB-93F9-F91DF79F95CC}.Release|x86.ActiveCfg = Release|Any CPU
		{A6FCEF44-D2BA-42C7-B3CB-13667BCD7B54}.Ad-Hoc|Any CPU.ActiveCfg = Release|Any CPU
		{A6FCEF44-D2BA-42C7-B3CB-13667BCD7B54}.Ad-Hoc|Any CPU.Build.0 = Release|Any CPU
		{A6FCEF44-D2BA-42C7-B3CB-13667BCD7B54}.Ad-Hoc|ARM.ActiveCfg = Release|Any CPU
		{A6FCEF44-D2BA-42C7-B3CB-13667BCD7B54}.Ad-Hoc|iPhone.ActiveCfg = Release|Any CPU
		{A6FCEF44-D2BA-42C7-B3CB-13667BCD7B54}.Ad-Hoc|iPhoneSimulator.ActiveCfg = Release|Any CPU
		{A6FCEF44-D2BA-42C7-B3CB-13667BCD7B54}.Ad-Hoc|Mixed Platforms.ActiveCfg = Release|Any CPU
		{A6FCEF44-D2BA-42C7-B3CB-13667BCD7B54}.Ad-Hoc|Mixed Platforms.Build.0 = Release|Any CPU
		{A6FCEF44-D2BA-42C7-B3CB-13667BCD7B54}.Ad-Hoc|x86.ActiveCfg = Release|Any CPU
		{A6FCEF44-D2BA-42C7-B3CB-13667BCD7B54}.AppStore|Any CPU.ActiveCfg = Release|Any CPU
		{A6FCEF44-D2BA-42C7-B3CB-13667BCD7B54}.AppStore|Any CPU.Build.0 = Release|Any CPU
		{A6FCEF44-D2BA-42C7-B3CB-13667BCD7B54}.AppStore|ARM.ActiveCfg = Release|Any CPU
		{A6FCEF44-D2BA-42C7-B3CB-13667BCD7B54}.AppStore|iPhone.ActiveCfg = Release|Any CPU
		{A6FCEF44-D2BA-42C7-B3CB-13667BCD7B54}.AppStore|iPhoneSimulator.ActiveCfg = Release|Any CPU
		{A6FCEF44-D2BA-42C7-B3CB-13667BCD7B54}.AppStore|Mixed Platforms.ActiveCfg = Release|Any CPU
		{A6FCEF44-D2BA-42C7-B3CB-13667BCD7B54}.AppStore|Mixed Platforms.Build.0 = Release|Any CPU
		{A6FCEF44-D2BA-42C7-B3CB-13667BCD7B54}.AppStore|x86.ActiveCfg = Release|Any CPU
		{A6FCEF44-D2BA-42C7-B3CB-13667BCD7B54}.Debug|Any CPU.ActiveCfg = Debug|Any CPU
		{A6FCEF44-D2BA-42C7-B3CB-13667BCD7B54}.Debug|Any CPU.Build.0 = Debug|Any CPU
		{A6FCEF44-D2BA-42C7-B3CB-13667BCD7B54}.Debug|ARM.ActiveCfg = Debug|Any CPU
		{A6FCEF44-D2BA-42C7-B3CB-13667BCD7B54}.Debug|iPhone.ActiveCfg = Debug|Any CPU
		{A6FCEF44-D2BA-42C7-B3CB-13667BCD7B54}.Debug|iPhoneSimulator.ActiveCfg = Debug|Any CPU
		{A6FCEF44-D2BA-42C7-B3CB-13667BCD7B54}.Debug|Mixed Platforms.ActiveCfg = Debug|Any CPU
		{A6FCEF44-D2BA-42C7-B3CB-13667BCD7B54}.Debug|Mixed Platforms.Build.0 = Debug|Any CPU
		{A6FCEF44-D2BA-42C7-B3CB-13667BCD7B54}.Debug|x86.ActiveCfg = Debug|Any CPU
		{A6FCEF44-D2BA-42C7-B3CB-13667BCD7B54}.Release|Any CPU.ActiveCfg = Release|Any CPU
		{A6FCEF44-D2BA-42C7-B3CB-13667BCD7B54}.Release|Any CPU.Build.0 = Release|Any CPU
		{A6FCEF44-D2BA-42C7-B3CB-13667BCD7B54}.Release|ARM.ActiveCfg = Release|Any CPU
		{A6FCEF44-D2BA-42C7-B3CB-13667BCD7B54}.Release|iPhone.ActiveCfg = Release|Any CPU
		{A6FCEF44-D2BA-42C7-B3CB-13667BCD7B54}.Release|iPhoneSimulator.ActiveCfg = Release|Any CPU
		{A6FCEF44-D2BA-42C7-B3CB-13667BCD7B54}.Release|Mixed Platforms.ActiveCfg = Release|Any CPU
		{A6FCEF44-D2BA-42C7-B3CB-13667BCD7B54}.Release|Mixed Platforms.Build.0 = Release|Any CPU
		{A6FCEF44-D2BA-42C7-B3CB-13667BCD7B54}.Release|x86.ActiveCfg = Release|Any CPU
		{6EDB0588-FFC5-4EF5-8A99-9E241D0F878D}.Ad-Hoc|Any CPU.ActiveCfg = Release|Any CPU
		{6EDB0588-FFC5-4EF5-8A99-9E241D0F878D}.Ad-Hoc|Any CPU.Build.0 = Release|Any CPU
		{6EDB0588-FFC5-4EF5-8A99-9E241D0F878D}.Ad-Hoc|ARM.ActiveCfg = Release|Any CPU
		{6EDB0588-FFC5-4EF5-8A99-9E241D0F878D}.Ad-Hoc|iPhone.ActiveCfg = Release|Any CPU
		{6EDB0588-FFC5-4EF5-8A99-9E241D0F878D}.Ad-Hoc|iPhoneSimulator.ActiveCfg = Release|Any CPU
		{6EDB0588-FFC5-4EF5-8A99-9E241D0F878D}.Ad-Hoc|Mixed Platforms.ActiveCfg = Release|Any CPU
		{6EDB0588-FFC5-4EF5-8A99-9E241D0F878D}.Ad-Hoc|Mixed Platforms.Build.0 = Release|Any CPU
		{6EDB0588-FFC5-4EF5-8A99-9E241D0F878D}.Ad-Hoc|x86.ActiveCfg = Release|Any CPU
		{6EDB0588-FFC5-4EF5-8A99-9E241D0F878D}.AppStore|Any CPU.ActiveCfg = Release|Any CPU
		{6EDB0588-FFC5-4EF5-8A99-9E241D0F878D}.AppStore|Any CPU.Build.0 = Release|Any CPU
		{6EDB0588-FFC5-4EF5-8A99-9E241D0F878D}.AppStore|ARM.ActiveCfg = Release|Any CPU
		{6EDB0588-FFC5-4EF5-8A99-9E241D0F878D}.AppStore|iPhone.ActiveCfg = Release|Any CPU
		{6EDB0588-FFC5-4EF5-8A99-9E241D0F878D}.AppStore|iPhoneSimulator.ActiveCfg = Release|Any CPU
		{6EDB0588-FFC5-4EF5-8A99-9E241D0F878D}.AppStore|Mixed Platforms.ActiveCfg = Release|Any CPU
		{6EDB0588-FFC5-4EF5-8A99-9E241D0F878D}.AppStore|Mixed Platforms.Build.0 = Release|Any CPU
		{6EDB0588-FFC5-4EF5-8A99-9E241D0F878D}.AppStore|x86.ActiveCfg = Release|Any CPU
		{6EDB0588-FFC5-4EF5-8A99-9E241D0F878D}.Debug|Any CPU.ActiveCfg = Debug|Any CPU
		{6EDB0588-FFC5-4EF5-8A99-9E241D0F878D}.Debug|Any CPU.Build.0 = Debug|Any CPU
		{6EDB0588-FFC5-4EF5-8A99-9E241D0F878D}.Debug|ARM.ActiveCfg = Debug|Any CPU
		{6EDB0588-FFC5-4EF5-8A99-9E241D0F878D}.Debug|iPhone.ActiveCfg = Debug|Any CPU
		{6EDB0588-FFC5-4EF5-8A99-9E241D0F878D}.Debug|iPhoneSimulator.ActiveCfg = Debug|Any CPU
		{6EDB0588-FFC5-4EF5-8A99-9E241D0F878D}.Debug|Mixed Platforms.ActiveCfg = Debug|Any CPU
		{6EDB0588-FFC5-4EF5-8A99-9E241D0F878D}.Debug|Mixed Platforms.Build.0 = Debug|Any CPU
		{6EDB0588-FFC5-4EF5-8A99-9E241D0F878D}.Debug|x86.ActiveCfg = Debug|Any CPU
		{6EDB0588-FFC5-4EF5-8A99-9E241D0F878D}.Release|Any CPU.ActiveCfg = Release|Any CPU
		{6EDB0588-FFC5-4EF5-8A99-9E241D0F878D}.Release|Any CPU.Build.0 = Release|Any CPU
		{6EDB0588-FFC5-4EF5-8A99-9E241D0F878D}.Release|ARM.ActiveCfg = Release|Any CPU
		{6EDB0588-FFC5-4EF5-8A99-9E241D0F878D}.Release|iPhone.ActiveCfg = Release|Any CPU
		{6EDB0588-FFC5-4EF5-8A99-9E241D0F878D}.Release|iPhoneSimulator.ActiveCfg = Release|Any CPU
		{6EDB0588-FFC5-4EF5-8A99-9E241D0F878D}.Release|Mixed Platforms.ActiveCfg = Release|Any CPU
		{6EDB0588-FFC5-4EF5-8A99-9E241D0F878D}.Release|Mixed Platforms.Build.0 = Release|Any CPU
		{6EDB0588-FFC5-4EF5-8A99-9E241D0F878D}.Release|x86.ActiveCfg = Release|Any CPU
		{56A56F17-7DE1-4CA1-9617-BF32E971AC84}.Ad-Hoc|Any CPU.ActiveCfg = Release|Any CPU
		{56A56F17-7DE1-4CA1-9617-BF32E971AC84}.Ad-Hoc|Any CPU.Build.0 = Release|Any CPU
		{56A56F17-7DE1-4CA1-9617-BF32E971AC84}.Ad-Hoc|ARM.ActiveCfg = Release|Any CPU
		{56A56F17-7DE1-4CA1-9617-BF32E971AC84}.Ad-Hoc|iPhone.ActiveCfg = Release|Any CPU
		{56A56F17-7DE1-4CA1-9617-BF32E971AC84}.Ad-Hoc|iPhoneSimulator.ActiveCfg = Release|Any CPU
		{56A56F17-7DE1-4CA1-9617-BF32E971AC84}.Ad-Hoc|Mixed Platforms.ActiveCfg = Release|Any CPU
		{56A56F17-7DE1-4CA1-9617-BF32E971AC84}.Ad-Hoc|Mixed Platforms.Build.0 = Release|Any CPU
		{56A56F17-7DE1-4CA1-9617-BF32E971AC84}.Ad-Hoc|x86.ActiveCfg = Release|Any CPU
		{56A56F17-7DE1-4CA1-9617-BF32E971AC84}.AppStore|Any CPU.ActiveCfg = Release|Any CPU
		{56A56F17-7DE1-4CA1-9617-BF32E971AC84}.AppStore|Any CPU.Build.0 = Release|Any CPU
		{56A56F17-7DE1-4CA1-9617-BF32E971AC84}.AppStore|ARM.ActiveCfg = Release|Any CPU
		{56A56F17-7DE1-4CA1-9617-BF32E971AC84}.AppStore|iPhone.ActiveCfg = Release|Any CPU
		{56A56F17-7DE1-4CA1-9617-BF32E971AC84}.AppStore|iPhoneSimulator.ActiveCfg = Release|Any CPU
		{56A56F17-7DE1-4CA1-9617-BF32E971AC84}.AppStore|Mixed Platforms.ActiveCfg = Release|Any CPU
		{56A56F17-7DE1-4CA1-9617-BF32E971AC84}.AppStore|Mixed Platforms.Build.0 = Release|Any CPU
		{56A56F17-7DE1-4CA1-9617-BF32E971AC84}.AppStore|x86.ActiveCfg = Release|Any CPU
		{56A56F17-7DE1-4CA1-9617-BF32E971AC84}.Debug|Any CPU.ActiveCfg = Debug|Any CPU
		{56A56F17-7DE1-4CA1-9617-BF32E971AC84}.Debug|Any CPU.Build.0 = Debug|Any CPU
		{56A56F17-7DE1-4CA1-9617-BF32E971AC84}.Debug|ARM.ActiveCfg = Debug|Any CPU
		{56A56F17-7DE1-4CA1-9617-BF32E971AC84}.Debug|iPhone.ActiveCfg = Debug|Any CPU
		{56A56F17-7DE1-4CA1-9617-BF32E971AC84}.Debug|iPhoneSimulator.ActiveCfg = Debug|Any CPU
		{56A56F17-7DE1-4CA1-9617-BF32E971AC84}.Debug|Mixed Platforms.ActiveCfg = Debug|Any CPU
		{56A56F17-7DE1-4CA1-9617-BF32E971AC84}.Debug|Mixed Platforms.Build.0 = Debug|Any CPU
		{56A56F17-7DE1-4CA1-9617-BF32E971AC84}.Debug|x86.ActiveCfg = Debug|Any CPU
		{56A56F17-7DE1-4CA1-9617-BF32E971AC84}.Release|Any CPU.ActiveCfg = Release|Any CPU
		{56A56F17-7DE1-4CA1-9617-BF32E971AC84}.Release|Any CPU.Build.0 = Release|Any CPU
		{56A56F17-7DE1-4CA1-9617-BF32E971AC84}.Release|ARM.ActiveCfg = Release|Any CPU
		{56A56F17-7DE1-4CA1-9617-BF32E971AC84}.Release|iPhone.ActiveCfg = Release|Any CPU
		{56A56F17-7DE1-4CA1-9617-BF32E971AC84}.Release|iPhoneSimulator.ActiveCfg = Release|Any CPU
		{56A56F17-7DE1-4CA1-9617-BF32E971AC84}.Release|Mixed Platforms.ActiveCfg = Release|Any CPU
		{56A56F17-7DE1-4CA1-9617-BF32E971AC84}.Release|Mixed Platforms.Build.0 = Release|Any CPU
		{56A56F17-7DE1-4CA1-9617-BF32E971AC84}.Release|x86.ActiveCfg = Release|Any CPU
	EndGlobalSection
	GlobalSection(SolutionProperties) = preSolution
		HideSolutionNode = FALSE
	EndGlobalSection
	GlobalSection(NestedProjects) = preSolution
		{A6FCEF44-D2BA-42C7-B3CB-13667BCD7B54} = {6190E14A-730B-4836-8CD2-297C16505AD4}
		{6EDB0588-FFC5-4EF5-8A99-9E241D0F878D} = {6190E14A-730B-4836-8CD2-297C16505AD4}
		{56A56F17-7DE1-4CA1-9617-BF32E971AC84} = {6190E14A-730B-4836-8CD2-297C16505AD4}
	EndGlobalSection
EndGlobal
